# This file is automatically @generated by Cargo.
# It is not intended for manual editing.
[[package]]
name = "boot"
version = "0.1.0"
dependencies = [
 "pi",
 "shim",
 "xmodem",
]

[[package]]
name = "cfg-if"
version = "0.1.10"
source = "registry+https://github.com/rust-lang/crates.io-index"
checksum = "4785bdd1c96b2a846b2bd7cc02e86b6b3dbf14e7e53446c4f54c92a361040822"

[[package]]
name = "core_io"
version = "0.1.20210325"
source = "registry+https://github.com/rust-lang/crates.io-index"
checksum = "97f8932064288cc79feb4d343a399d353a6f6f001e586ece47fe518a9e8507df"
dependencies = [
 "rustc_version",
]

[[package]]
name = "pi"
version = "0.1.0"
dependencies = [
 "shim",
 "volatile",
]

[[package]]
name = "rustc_version"
version = "0.1.7"
source = "registry+https://github.com/rust-lang/crates.io-index"
checksum = "c5f5376ea5e30ce23c03eb77cbe4962b988deead10910c372b226388b594c084"
dependencies = [
 "semver",
]

[[package]]
name = "semver"
version = "0.1.20"
source = "registry+https://github.com/rust-lang/crates.io-index"
checksum = "d4f410fedcf71af0345d7607d246e7ad15faaadd49d240ee3b24e5dc21a820ac"

[[package]]
name = "shim"
version = "0.1.0"
dependencies = [
 "cfg-if",
 "core_io",
]

[[package]]
name = "volatile"
version = "0.1.0"

[[package]]
name = "xmodem"
version = "0.1.0"
dependencies = [
 "shim",
]
